
Microsoft Visual Studio Solution File, Format Version 12.00
# Visual Studio 14
VisualStudioVersion = 14.0.25420.1
MinimumVisualStudioVersion = 10.0.40219.1
Project("{FAE04EC0-301F-11D3-BF4B-00C04F79EFBC}") = "Data", "Data\Data.csproj", "{AEE48BCE-63EB-4669-B98D-6522431B11B0}"
EndProject
Project("{FAE04EC0-301F-11D3-BF4B-00C04F79EFBC}") = "Web", "Web\Web.csproj", "{DD44E0FA-BD01-4481-A13D-7257BCD723B3}"
EndProject
Project("{8BC9CEB8-8B4A-11D0-8D11-00A0C91BC942}") = "NativePricerConsole", "NativePricerConsole\NativePricerConsole.vcxproj", "{734F12DD-56E2-45F2-9E05-7FDEF3802A3A}"
EndProject
Project("{8BC9CEB8-8B4A-11D0-8D11-00A0C91BC942}") = "Wrapper", "Wrapper\Wrapper.vcxproj", "{3694DBE0-6AE6-400D-AEF7-AF058C251138}"
EndProject
Project("{FAE04EC0-301F-11D3-BF4B-00C04F79EFBC}") = "InterfaceWeb", "InterfaceWeb\InterfaceWeb.csproj", "{82AB0D2E-0AEC-43FF-87E5-AF40FAAB7B3B}"
EndProject
Project("{FAE04EC0-301F-11D3-BF4B-00C04F79EFBC}") = "WebApplication", "WebApplication\WebApplication.csproj", "{23176EF2-7664-4121-882A-AA740029260E}"
EndProject
Global
	GlobalSection(SolutionConfigurationPlatforms) = preSolution
		Debug|Any CPU = Debug|Any CPU
		Debug|x64 = Debug|x64
		Debug|x86 = Debug|x86
		Release|Any CPU = Release|Any CPU
		Release|x64 = Release|x64
		Release|x86 = Release|x86
	EndGlobalSection
	GlobalSection(ProjectConfigurationPlatforms) = postSolution
		{AEE48BCE-63EB-4669-B98D-6522431B11B0}.Debug|Any CPU.ActiveCfg = Debug|Any CPU
		{AEE48BCE-63EB-4669-B98D-6522431B11B0}.Debug|Any CPU.Build.0 = Debug|Any CPU
		{AEE48BCE-63EB-4669-B98D-6522431B11B0}.Debug|x64.ActiveCfg = Debug|Any CPU
		{AEE48BCE-63EB-4669-B98D-6522431B11B0}.Debug|x64.Build.0 = Debug|Any CPU
		{AEE48BCE-63EB-4669-B98D-6522431B11B0}.Debug|x86.ActiveCfg = Debug|Any CPU
		{AEE48BCE-63EB-4669-B98D-6522431B11B0}.Debug|x86.Build.0 = Debug|Any CPU
		{AEE48BCE-63EB-4669-B98D-6522431B11B0}.Release|Any CPU.ActiveCfg = Release|Any CPU
		{AEE48BCE-63EB-4669-B98D-6522431B11B0}.Release|Any CPU.Build.0 = Release|Any CPU
		{AEE48BCE-63EB-4669-B98D-6522431B11B0}.Release|x64.ActiveCfg = Release|Any CPU
		{AEE48BCE-63EB-4669-B98D-6522431B11B0}.Release|x64.Build.0 = Release|Any CPU
		{AEE48BCE-63EB-4669-B98D-6522431B11B0}.Release|x86.ActiveCfg = Release|Any CPU
		{AEE48BCE-63EB-4669-B98D-6522431B11B0}.Release|x86.Build.0 = Release|Any CPU
		{DD44E0FA-BD01-4481-A13D-7257BCD723B3}.Debug|Any CPU.ActiveCfg = Debug|Any CPU
		{DD44E0FA-BD01-4481-A13D-7257BCD723B3}.Debug|Any CPU.Build.0 = Debug|Any CPU
		{DD44E0FA-BD01-4481-A13D-7257BCD723B3}.Debug|x64.ActiveCfg = Debug|Any CPU
		{DD44E0FA-BD01-4481-A13D-7257BCD723B3}.Debug|x64.Build.0 = Debug|Any CPU
		{DD44E0FA-BD01-4481-A13D-7257BCD723B3}.Debug|x86.ActiveCfg = Debug|Any CPU
		{DD44E0FA-BD01-4481-A13D-7257BCD723B3}.Debug|x86.Build.0 = Debug|Any CPU
		{DD44E0FA-BD01-4481-A13D-7257BCD723B3}.Release|Any CPU.ActiveCfg = Release|Any CPU
		{DD44E0FA-BD01-4481-A13D-7257BCD723B3}.Release|Any CPU.Build.0 = Release|Any CPU
		{DD44E0FA-BD01-4481-A13D-7257BCD723B3}.Release|x64.ActiveCfg = Release|Any CPU
		{DD44E0FA-BD01-4481-A13D-7257BCD723B3}.Release|x64.Build.0 = Release|Any CPU
		{DD44E0FA-BD01-4481-A13D-7257BCD723B3}.Release|x86.ActiveCfg = Release|Any CPU
		{DD44E0FA-BD01-4481-A13D-7257BCD723B3}.Release|x86.Build.0 = Release|Any CPU
		{734F12DD-56E2-45F2-9E05-7FDEF3802A3A}.Debug|Any CPU.ActiveCfg = Debug|Win32
		{734F12DD-56E2-45F2-9E05-7FDEF3802A3A}.Debug|x64.ActiveCfg = Debug|x64
		{734F12DD-56E2-45F2-9E05-7FDEF3802A3A}.Debug|x64.Build.0 = Debug|x64
		{734F12DD-56E2-45F2-9E05-7FDEF3802A3A}.Debug|x86.ActiveCfg = Debug|Win32
		{734F12DD-56E2-45F2-9E05-7FDEF3802A3A}.Debug|x86.Build.0 = Debug|Win32
		{734F12DD-56E2-45F2-9E05-7FDEF3802A3A}.Release|Any CPU.ActiveCfg = Release|Win32
		{734F12DD-56E2-45F2-9E05-7FDEF3802A3A}.Release|x64.ActiveCfg = Release|x64
		{734F12DD-56E2-45F2-9E05-7FDEF3802A3A}.Release|x64.Build.0 = Release|x64
		{734F12DD-56E2-45F2-9E05-7FDEF3802A3A}.Release|x86.ActiveCfg = Release|Win32
		{734F12DD-56E2-45F2-9E05-7FDEF3802A3A}.Release|x86.Build.0 = Release|Win32
		{3694DBE0-6AE6-400D-AEF7-AF058C251138}.Debug|Any CPU.ActiveCfg = Debug|Win32
		{3694DBE0-6AE6-400D-AEF7-AF058C251138}.Debug|x64.ActiveCfg = Debug|x64
		{3694DBE0-6AE6-400D-AEF7-AF058C251138}.Debug|x64.Build.0 = Debug|x64
		{3694DBE0-6AE6-400D-AEF7-AF058C251138}.Debug|x86.ActiveCfg = Debug|Win32
		{3694DBE0-6AE6-400D-AEF7-AF058C251138}.Debug|x86.Build.0 = Debug|Win32
		{3694DBE0-6AE6-400D-AEF7-AF058C251138}.Release|Any CPU.ActiveCfg = Release|Win32
		{3694DBE0-6AE6-400D-AEF7-AF058C251138}.Release|x64.ActiveCfg = Release|x64
		{3694DBE0-6AE6-400D-AEF7-AF058C251138}.Release|x64.Build.0 = Release|x64
		{3694DBE0-6AE6-400D-AEF7-AF058C251138}.Release|x86.ActiveCfg = Release|Win32
		{3694DBE0-6AE6-400D-AEF7-AF058C251138}.Release|x86.Build.0 = Release|Win32
		{82AB0D2E-0AEC-43FF-87E5-AF40FAAB7B3B}.Debug|Any CPU.ActiveCfg = Debug|Any CPU
		{82AB0D2E-0AEC-43FF-87E5-AF40FAAB7B3B}.Debug|Any CPU.Build.0 = Debug|Any CPU
		{82AB0D2E-0AEC-43FF-87E5-AF40FAAB7B3B}.Debug|x64.ActiveCfg = Debug|Any CPU
		{82AB0D2E-0AEC-43FF-87E5-AF40FAAB7B3B}.Debug|x64.Build.0 = Debug|Any CPU
		{82AB0D2E-0AEC-43FF-87E5-AF40FAAB7B3B}.Debug|x86.ActiveCfg = Debug|Any CPU
		{82AB0D2E-0AEC-43FF-87E5-AF40FAAB7B3B}.Debug|x86.Build.0 = Debug|Any CPU
		{82AB0D2E-0AEC-43FF-87E5-AF40FAAB7B3B}.Release|Any CPU.ActiveCfg = Release|Any CPU
		{82AB0D2E-0AEC-43FF-87E5-AF40FAAB7B3B}.Release|Any CPU.Build.0 = Release|Any CPU
		{82AB0D2E-0AEC-43FF-87E5-AF40FAAB7B3B}.Release|x64.ActiveCfg = Release|Any CPU
		{82AB0D2E-0AEC-43FF-87E5-AF40FAAB7B3B}.Release|x64.Build.0 = Release|Any CPU
		{82AB0D2E-0AEC-43FF-87E5-AF40FAAB7B3B}.Release|x86.ActiveCfg = Release|Any CPU
		{82AB0D2E-0AEC-43FF-87E5-AF40FAAB7B3B}.Release|x86.Build.0 = Release|Any CPU
		{23176EF2-7664-4121-882A-AA740029260E}.Debug|Any CPU.ActiveCfg = Debug|Any CPU
		{23176EF2-7664-4121-882A-AA740029260E}.Debug|Any CPU.Build.0 = Debug|Any CPU
		{23176EF2-7664-4121-882A-AA740029260E}.Debug|x64.ActiveCfg = Debug|x64
		{23176EF2-7664-4121-882A-AA740029260E}.Debug|x64.Build.0 = Debug|x64
		{23176EF2-7664-4121-882A-AA740029260E}.Debug|x86.ActiveCfg = Debug|Any CPU
		{23176EF2-7664-4121-882A-AA740029260E}.Debug|x86.Build.0 = Debug|Any CPU
		{23176EF2-7664-4121-882A-AA740029260E}.Release|Any CPU.ActiveCfg = Release|Any CPU
		{23176EF2-7664-4121-882A-AA740029260E}.Release|Any CPU.Build.0 = Release|Any CPU
<<<<<<< HEAD
		{23176EF2-7664-4121-882A-AA740029260E}.Release|x64.ActiveCfg = Release|x64
		{23176EF2-7664-4121-882A-AA740029260E}.Release|x64.Build.0 = Release|x64
=======
		{23176EF2-7664-4121-882A-AA740029260E}.Release|x64.ActiveCfg = Release|Any CPU
		{23176EF2-7664-4121-882A-AA740029260E}.Release|x64.Build.0 = Release|Any CPU
>>>>>>> 37c0adee92dc023b3a6b149a649fa77b22ba26f4
		{23176EF2-7664-4121-882A-AA740029260E}.Release|x86.ActiveCfg = Release|Any CPU
		{23176EF2-7664-4121-882A-AA740029260E}.Release|x86.Build.0 = Release|Any CPU
	EndGlobalSection
	GlobalSection(SolutionProperties) = preSolution
		HideSolutionNode = FALSE
	EndGlobalSection
EndGlobal
